
Microsoft Visual Studio Solution File, Format Version 12.00
# Visual Studio Version 17
VisualStudioVersion = 17.1.31911.260
MinimumVisualStudioVersion = 10.0.40219.1
Project("{9A19103F-16F7-4668-BE54-9A1E7A4F7556}") = "Runner", "Runner\Runner.csproj", "{C312D63A-F7BA-4E72-A214-A29E17ABD294}"
EndProject
Project("{9A19103F-16F7-4668-BE54-9A1E7A4F7556}") = "Common", "Common\Common.csproj", "{52F8E834-CD8F-4DA7-93B0-1FD79300F56B}"
EndProject
Project("{9A19103F-16F7-4668-BE54-9A1E7A4F7556}") = "Day1", "Day1\Day1.csproj", "{51AC4E22-64DE-4E24-A206-467E539D6E4E}"
EndProject
Project("{9A19103F-16F7-4668-BE54-9A1E7A4F7556}") = "Tests", "Tests\Tests.csproj", "{763493CE-988C-48C3-8D16-0360F7FED1E7}"
EndProject
Project("{9A19103F-16F7-4668-BE54-9A1E7A4F7556}") = "Day2", "Day2\Day2.csproj", "{8B8414F0-9B3F-43DF-9DAE-F36CDEB5B252}"
EndProject
Project("{9A19103F-16F7-4668-BE54-9A1E7A4F7556}") = "Day3", "Day3\Day3.csproj", "{8C1A972B-7DFB-4C78-910A-C1E639BF5553}"
EndProject
Project("{9A19103F-16F7-4668-BE54-9A1E7A4F7556}") = "Day4", "Day4\Day4.csproj", "{128E4809-436C-4E5E-B852-D0BFA80985AF}"
EndProject
Project("{FAE04EC0-301F-11D3-BF4B-00C04F79EFBC}") = "Day5", "Day5\Day5.csproj", "{F6C1AEED-AB6E-4978-9855-2B63A9C1419A}"
EndProject
Global
	GlobalSection(SolutionConfigurationPlatforms) = preSolution
		Debug|Any CPU = Debug|Any CPU
		Release|Any CPU = Release|Any CPU
	EndGlobalSection
	GlobalSection(ProjectConfigurationPlatforms) = postSolution
		{C312D63A-F7BA-4E72-A214-A29E17ABD294}.Debug|Any CPU.ActiveCfg = Debug|Any CPU
		{C312D63A-F7BA-4E72-A214-A29E17ABD294}.Debug|Any CPU.Build.0 = Debug|Any CPU
		{C312D63A-F7BA-4E72-A214-A29E17ABD294}.Release|Any CPU.ActiveCfg = Release|Any CPU
		{C312D63A-F7BA-4E72-A214-A29E17ABD294}.Release|Any CPU.Build.0 = Release|Any CPU
		{52F8E834-CD8F-4DA7-93B0-1FD79300F56B}.Debug|Any CPU.ActiveCfg = Debug|Any CPU
		{52F8E834-CD8F-4DA7-93B0-1FD79300F56B}.Debug|Any CPU.Build.0 = Debug|Any CPU
		{52F8E834-CD8F-4DA7-93B0-1FD79300F56B}.Release|Any CPU.ActiveCfg = Release|Any CPU
		{52F8E834-CD8F-4DA7-93B0-1FD79300F56B}.Release|Any CPU.Build.0 = Release|Any CPU
		{51AC4E22-64DE-4E24-A206-467E539D6E4E}.Debug|Any CPU.ActiveCfg = Debug|Any CPU
		{51AC4E22-64DE-4E24-A206-467E539D6E4E}.Debug|Any CPU.Build.0 = Debug|Any CPU
		{51AC4E22-64DE-4E24-A206-467E539D6E4E}.Release|Any CPU.ActiveCfg = Release|Any CPU
		{51AC4E22-64DE-4E24-A206-467E539D6E4E}.Release|Any CPU.Build.0 = Release|Any CPU
		{763493CE-988C-48C3-8D16-0360F7FED1E7}.Debug|Any CPU.ActiveCfg = Debug|Any CPU
		{763493CE-988C-48C3-8D16-0360F7FED1E7}.Debug|Any CPU.Build.0 = Debug|Any CPU
		{763493CE-988C-48C3-8D16-0360F7FED1E7}.Release|Any CPU.ActiveCfg = Release|Any CPU
		{763493CE-988C-48C3-8D16-0360F7FED1E7}.Release|Any CPU.Build.0 = Release|Any CPU
		{8B8414F0-9B3F-43DF-9DAE-F36CDEB5B252}.Debug|Any CPU.ActiveCfg = Debug|Any CPU
		{8B8414F0-9B3F-43DF-9DAE-F36CDEB5B252}.Debug|Any CPU.Build.0 = Debug|Any CPU
		{8B8414F0-9B3F-43DF-9DAE-F36CDEB5B252}.Release|Any CPU.ActiveCfg = Release|Any CPU
		{8B8414F0-9B3F-43DF-9DAE-F36CDEB5B252}.Release|Any CPU.Build.0 = Release|Any CPU
		{8C1A972B-7DFB-4C78-910A-C1E639BF5553}.Debug|Any CPU.ActiveCfg = Debug|Any CPU
		{8C1A972B-7DFB-4C78-910A-C1E639BF5553}.Debug|Any CPU.Build.0 = Debug|Any CPU
		{8C1A972B-7DFB-4C78-910A-C1E639BF5553}.Release|Any CPU.ActiveCfg = Release|Any CPU
		{8C1A972B-7DFB-4C78-910A-C1E639BF5553}.Release|Any CPU.Build.0 = Release|Any CPU
		{128E4809-436C-4E5E-B852-D0BFA80985AF}.Debug|Any CPU.ActiveCfg = Debug|Any CPU
		{128E4809-436C-4E5E-B852-D0BFA80985AF}.Debug|Any CPU.Build.0 = Debug|Any CPU
		{128E4809-436C-4E5E-B852-D0BFA80985AF}.Release|Any CPU.ActiveCfg = Release|Any CPU
		{128E4809-436C-4E5E-B852-D0BFA80985AF}.Release|Any CPU.Build.0 = Release|Any CPU
		{F6C1AEED-AB6E-4978-9855-2B63A9C1419A}.Debug|Any CPU.ActiveCfg = Debug|Any CPU
		{F6C1AEED-AB6E-4978-9855-2B63A9C1419A}.Debug|Any CPU.Build.0 = Debug|Any CPU
		{F6C1AEED-AB6E-4978-9855-2B63A9C1419A}.Release|Any CPU.ActiveCfg = Release|Any CPU
		{F6C1AEED-AB6E-4978-9855-2B63A9C1419A}.Release|Any CPU.Build.0 = Release|Any CPU
	EndGlobalSection
	GlobalSection(SolutionProperties) = preSolution
		HideSolutionNode = FALSE
	EndGlobalSection
	GlobalSection(ExtensibilityGlobals) = postSolution
		SolutionGuid = {0CE8A54D-0F96-4F9D-BA77-777DB85E1379}
	EndGlobalSection
EndGlobal
